
Microsoft Visual Studio Solution File, Format Version 12.00
# Visual Studio Version 17
VisualStudioVersion = 17.0.31903.59
MinimumVisualStudioVersion = 10.0.40219.1
Project("{2150E333-8FDC-42A3-9474-1A3956D46DE8}") = "tests", "tests", "{729B6B06-43D2-45FB-A99D-90899C9E01D2}"
EndProject
Project("{FAE04EC0-301F-11D3-BF4B-00C04F79EFBC}") = "rpgAPITest", "tests\rpgAPITest\rpgAPITest.csproj", "{80F90E10-1A6F-4206-9890-EC6CD1500F3A}"
EndProject
Global
	GlobalSection(SolutionConfigurationPlatforms) = preSolution
		Debug|Any CPU = Debug|Any CPU
		Release|Any CPU = Release|Any CPU
	EndGlobalSection
	GlobalSection(SolutionProperties) = preSolution
		HideSolutionNode = FALSE
	EndGlobalSection
	GlobalSection(ProjectConfigurationPlatforms) = postSolution
		{80F90E10-1A6F-4206-9890-EC6CD1500F3A}.Debug|Any CPU.ActiveCfg = Debug|Any CPU
		{80F90E10-1A6F-4206-9890-EC6CD1500F3A}.Debug|Any CPU.Build.0 = Debug|Any CPU
		{80F90E10-1A6F-4206-9890-EC6CD1500F3A}.Release|Any CPU.ActiveCfg = Release|Any CPU
		{80F90E10-1A6F-4206-9890-EC6CD1500F3A}.Release|Any CPU.Build.0 = Release|Any CPU
	EndGlobalSection
	GlobalSection(NestedProjects) = preSolution
		{80F90E10-1A6F-4206-9890-EC6CD1500F3A} = {729B6B06-43D2-45FB-A99D-90899C9E01D2}
	EndGlobalSection
EndGlobal
